
Microsoft Visual Studio Solution File, Format Version 12.00
# Visual Studio Version 16
VisualStudioVersion = 16.0.28705.295
MinimumVisualStudioVersion = 10.0.40219.1
Project("{FAE04EC0-301F-11D3-BF4B-00C04F79EFBC}") = "HSPacketAnalyzer", "HSPacketAnalyzer\HSPacketAnalyzer.csproj", "{C1356249-51E5-4E1D-9080-2AB721401730}"
EndProject
Project("{2150E333-8FDC-42A3-9474-1A3956D46DE8}") = "Solution Items", "Solution Items", "{BF1A4BE4-CFA4-46DE-98C2-F9C67D62EC20}"
	ProjectSection(SolutionItems) = preProject
		.editorconfig = .editorconfig
	EndProjectSection
EndProject
Project("{D954291E-2A0B-460D-934E-DC6B0785DB48}") = "PacketModels", "PacketModels\PacketModels.shproj", "{DD56D750-4E1C-4127-B304-46433A9E1708}"
EndProject
Project("{D954291E-2A0B-460D-934E-DC6B0785DB48}") = "Foundation", "Foundation\Foundation.shproj", "{6242E207-0762-4A8B-9FFC-C2B96115CE2E}"
EndProject
Project("{FAE04EC0-301F-11D3-BF4B-00C04F79EFBC}") = "TypeAnalyzer", "TypeAnalyzer\TypeAnalyzer.csproj", "{F9018C36-3FAC-4FF8-8803-53AB55FDD901}"
EndProject
Global
	GlobalSection(SharedMSBuildProjectFiles) = preSolution
		Foundation\Foundation.projitems*{6242e207-0762-4a8b-9ffc-c2b96115ce2e}*SharedItemsImports = 13
		Foundation\Foundation.projitems*{c1356249-51e5-4e1d-9080-2ab721401730}*SharedItemsImports = 4
		PacketModels\PacketModels.projitems*{c1356249-51e5-4e1d-9080-2ab721401730}*SharedItemsImports = 4
		PacketModels\PacketModels.projitems*{dd56d750-4e1c-4127-b304-46433a9e1708}*SharedItemsImports = 13
	EndGlobalSection
	GlobalSection(SolutionConfigurationPlatforms) = preSolution
		Debug|Any CPU = Debug|Any CPU
		Release|Any CPU = Release|Any CPU
	EndGlobalSection
	GlobalSection(ProjectConfigurationPlatforms) = postSolution
		{C1356249-51E5-4E1D-9080-2AB721401730}.Debug|Any CPU.ActiveCfg = Debug|Any CPU
		{C1356249-51E5-4E1D-9080-2AB721401730}.Debug|Any CPU.Build.0 = Debug|Any CPU
		{C1356249-51E5-4E1D-9080-2AB721401730}.Release|Any CPU.ActiveCfg = Release|Any CPU
		{C1356249-51E5-4E1D-9080-2AB721401730}.Release|Any CPU.Build.0 = Release|Any CPU
		{F9018C36-3FAC-4FF8-8803-53AB55FDD901}.Debug|Any CPU.ActiveCfg = Debug|Any CPU
		{F9018C36-3FAC-4FF8-8803-53AB55FDD901}.Debug|Any CPU.Build.0 = Debug|Any CPU
		{F9018C36-3FAC-4FF8-8803-53AB55FDD901}.Release|Any CPU.ActiveCfg = Release|Any CPU
		{F9018C36-3FAC-4FF8-8803-53AB55FDD901}.Release|Any CPU.Build.0 = Release|Any CPU
	EndGlobalSection
	GlobalSection(SolutionProperties) = preSolution
		HideSolutionNode = FALSE
	EndGlobalSection
	GlobalSection(ExtensibilityGlobals) = postSolution
		SolutionGuid = {349EF4B9-947C-4924-A640-EA049DD003B9}
	EndGlobalSection
EndGlobal
